
Microsoft Visual Studio Solution File, Format Version 12.00
# Visual Studio Version 16
VisualStudioVersion = 16.0.31911.196
MinimumVisualStudioVersion = 10.0.40219.1
Project("{FAE04EC0-301F-11D3-BF4B-00C04F79EFBC}") = "ConsoleApp1_Basics1", "ConsoleApp1_Basics1\ConsoleApp1_Basics1.csproj", "{78B4C95A-E620-41C6-99E6-CBFFF3ACB544}"
EndProject
Global
	GlobalSection(SolutionConfigurationPlatforms) = preSolution
		Debug|Any CPU = Debug|Any CPU
		Release|Any CPU = Release|Any CPU
	EndGlobalSection
	GlobalSection(ProjectConfigurationPlatforms) = postSolution
		{78B4C95A-E620-41C6-99E6-CBFFF3ACB544}.Debug|Any CPU.ActiveCfg = Debug|Any CPU
		{78B4C95A-E620-41C6-99E6-CBFFF3ACB544}.Debug|Any CPU.Build.0 = Debug|Any CPU
		{78B4C95A-E620-41C6-99E6-CBFFF3ACB544}.Release|Any CPU.ActiveCfg = Release|Any CPU
		{78B4C95A-E620-41C6-99E6-CBFFF3ACB544}.Release|Any CPU.Build.0 = Release|Any CPU
	EndGlobalSection
	GlobalSection(SolutionProperties) = preSolution
		HideSolutionNode = FALSE
	EndGlobalSection
	GlobalSection(ExtensibilityGlobals) = postSolution
		SolutionGuid = {E75C8E6E-E96C-43C2-B6F2-A6B6C4E1EAC1}
	EndGlobalSection
EndGlobal
